
Microsoft Visual Studio Solution File, Format Version 12.00
# Visual Studio Version 16
VisualStudioVersion = 16.0.28803.452
MinimumVisualStudioVersion = 10.0.40219.1
Project("{FAE04EC0-301F-11D3-BF4B-00C04F79EFBC}") = "CoreyMcCrann_S00189165", "CoreyMcCrann_S00189165.csproj", "{F70DBA1E-F4EE-461E-AA4A-FCAC9FE840E1}"
EndProject
Project("{FAE04EC0-301F-11D3-BF4B-00C04F79EFBC}") = "PhoneDatabaseManagement", "..\PhoneDatabaseManagement\PhoneDatabaseManagement.csproj", "{8EF0CCC8-9E33-401A-937B-BEA2903434F1}"
EndProject
Project("{FAE04EC0-301F-11D3-BF4B-00C04F79EFBC}") = "UnitTestProject1", "..\UnitTestProject1\UnitTestProject1.csproj", "{30BF7210-D0E6-4ABA-BBFA-96EFC1223B3C}"
EndProject
Global
	GlobalSection(SolutionConfigurationPlatforms) = preSolution
		Debug|Any CPU = Debug|Any CPU
		Release|Any CPU = Release|Any CPU
	EndGlobalSection
	GlobalSection(ProjectConfigurationPlatforms) = postSolution
		{F70DBA1E-F4EE-461E-AA4A-FCAC9FE840E1}.Debug|Any CPU.ActiveCfg = Debug|Any CPU
		{F70DBA1E-F4EE-461E-AA4A-FCAC9FE840E1}.Debug|Any CPU.Build.0 = Debug|Any CPU
		{F70DBA1E-F4EE-461E-AA4A-FCAC9FE840E1}.Release|Any CPU.ActiveCfg = Release|Any CPU
		{F70DBA1E-F4EE-461E-AA4A-FCAC9FE840E1}.Release|Any CPU.Build.0 = Release|Any CPU
		{8EF0CCC8-9E33-401A-937B-BEA2903434F1}.Debug|Any CPU.ActiveCfg = Debug|Any CPU
		{8EF0CCC8-9E33-401A-937B-BEA2903434F1}.Debug|Any CPU.Build.0 = Debug|Any CPU
		{8EF0CCC8-9E33-401A-937B-BEA2903434F1}.Release|Any CPU.ActiveCfg = Release|Any CPU
		{8EF0CCC8-9E33-401A-937B-BEA2903434F1}.Release|Any CPU.Build.0 = Release|Any CPU
		{30BF7210-D0E6-4ABA-BBFA-96EFC1223B3C}.Debug|Any CPU.ActiveCfg = Debug|Any CPU
		{30BF7210-D0E6-4ABA-BBFA-96EFC1223B3C}.Debug|Any CPU.Build.0 = Debug|Any CPU
		{30BF7210-D0E6-4ABA-BBFA-96EFC1223B3C}.Release|Any CPU.ActiveCfg = Release|Any CPU
		{30BF7210-D0E6-4ABA-BBFA-96EFC1223B3C}.Release|Any CPU.Build.0 = Release|Any CPU
	EndGlobalSection
	GlobalSection(SolutionProperties) = preSolution
		HideSolutionNode = FALSE
	EndGlobalSection
	GlobalSection(ExtensibilityGlobals) = postSolution
		SolutionGuid = {4F0A244A-E970-4069-B800-E2D15226A285}
	EndGlobalSection
EndGlobal
